
Microsoft Visual Studio Solution File, Format Version 12.00
# Visual Studio Version 17
VisualStudioVersion = 17.4.33103.184
MinimumVisualStudioVersion = 10.0.40219.1
Project("{FAE04EC0-301F-11D3-BF4B-00C04F79EFBC}") = "GeometryComputation", "GeometryComputation\GeometryComputation.csproj", "{0F0CCD85-40D2-4FDB-9C40-B40A4D2BA45B}"
EndProject
Global
	GlobalSection(SolutionConfigurationPlatforms) = preSolution
		Debug|Any CPU = Debug|Any CPU
		Release|Any CPU = Release|Any CPU
	EndGlobalSection
	GlobalSection(ProjectConfigurationPlatforms) = postSolution
		{0F0CCD85-40D2-4FDB-9C40-B40A4D2BA45B}.Debug|Any CPU.ActiveCfg = Debug|Any CPU
		{0F0CCD85-40D2-4FDB-9C40-B40A4D2BA45B}.Debug|Any CPU.Build.0 = Debug|Any CPU
		{0F0CCD85-40D2-4FDB-9C40-B40A4D2BA45B}.Release|Any CPU.ActiveCfg = Release|Any CPU
		{0F0CCD85-40D2-4FDB-9C40-B40A4D2BA45B}.Release|Any CPU.Build.0 = Release|Any CPU
	EndGlobalSection
	GlobalSection(SolutionProperties) = preSolution
		HideSolutionNode = FALSE
	EndGlobalSection
	GlobalSection(ExtensibilityGlobals) = postSolution
		SolutionGuid = {9EBECA4A-EE3B-4563-8539-4BF9E0EC349B}
	EndGlobalSection
EndGlobal
